Microsoft Visual Studio Solution File, Format Version 12.00
# Visual Studio Version 17
VisualStudioVersion = 17.5.2.0
MinimumVisualStudioVersion = 10.0.40219.1
Project("{FAE04EC0-301F-11D3-BF4B-00C04F79EFBC}") = "EnebaApi", "EnebaApi.csproj", "{9544A9E8-7D0B-0DFC-FD83-AE040BC337ED}"
EndProject
Global
	GlobalSection(SolutionConfigurationPlatforms) = preSolution
		Debug|Any CPU = Debug|Any CPU
		Release|Any CPU = Release|Any CPU
	EndGlobalSection
	GlobalSection(ProjectConfigurationPlatforms) = postSolution
		{9544A9E8-7D0B-0DFC-FD83-AE040BC337ED}.Debug|Any CPU.ActiveCfg = Debug|Any CPU
		{9544A9E8-7D0B-0DFC-FD83-AE040BC337ED}.Debug|Any CPU.Build.0 = Debug|Any CPU
		{9544A9E8-7D0B-0DFC-FD83-AE040BC337ED}.Release|Any CPU.ActiveCfg = Release|Any CPU
		{9544A9E8-7D0B-0DFC-FD83-AE040BC337ED}.Release|Any CPU.Build.0 = Release|Any CPU
	EndGlobalSection
	GlobalSection(SolutionProperties) = preSolution
		HideSolutionNode = FALSE
	EndGlobalSection
	GlobalSection(ExtensibilityGlobals) = postSolution
		SolutionGuid = {41CD0702-73A0-4B80-86CC-204DADF2D4C9}
	EndGlobalSection
EndGlobal
